{
  "name": "record-book",
  "lockfileVersion": 2,
  "requires": true,
  "packages": {
    "": {
      "dependencies": {
        "gitbook-plugin-livereload": "^0.0.1"
      }
    },
    "node_modules/gitbook-plugin-livereload": {
      "version": "0.0.1",
      "resolved": "https://registry.npmmirror.com/gitbook-plugin-livereload/-/gitbook-plugin-livereload-0.0.1.tgz",
      "integrity": "sha512-+5xinicId2ZcbP6jBTFfQBnjz8nhoBgcOuQfKTEM6Yg9fBsmo2mxY6ubrx1b5ozuIMyfDLkSihx97A7+X+EtQQ==",
      "engines": {
        "gitbook": "*"
      }
    }
  },
  "dependencies": {
    "gitbook-plugin-livereload": {
      "version": "0.0.1",
      "resolved": "https://registry.npmmirror.com/gitbook-plugin-livereload/-/gitbook-plugin-livereload-0.0.1.tgz",
      "integrity": "sha512-+5xinicId2ZcbP6jBTFfQBnjz8nhoBgcOuQfKTEM6Yg9fBsmo2mxY6ubrx1b5ozuIMyfDLkSihx97A7+X+EtQQ=="
    }
  }
}
